// !$*UTF8*$!
{
	archiveVersion = 1;
	classes = {
	};
	objectVersion = 50;
	objects = {

/* Begin PBXBuildFile section */
		3AD7867530AE4F483007AF46 /* Pods_MyFirebaseApp.framework in Frameworks */ = {isa = PBXBuildFile; fileRef = 395D4D9540014D7AB2BB4C0E /* Pods_MyFirebaseApp.framework */; };
		DC68C25721CA459300D87154 /* Typealiases.swift in Sources */ = {isa = PBXBuildFile; fileRef = DC68C25621CA459300D87154 /* Typealiases.swift */; };
		DC68C25921CA811F00D87154 /* AuthModel.swift in Sources */ = {isa = PBXBuildFile; fileRef = DC68C25821CA811F00D87154 /* AuthModel.swift */; };
		DC72A8B321CB94510010AD61 /* ProfileUserController.swift in Sources */ = {isa = PBXBuildFile; fileRef = DC72A8B221CB94510010AD61 /* ProfileUserController.swift */; };
		DC98CF9721B8EA6800EDBB23 /* AppDelegate.swift in Sources */ = {isa = PBXBuildFile; fileRef = DC98CF9621B8EA6800EDBB23 /* AppDelegate.swift */; };
		DC98CF9C21B8EA6800EDBB23 /* Main.storyboard in Resources */ = {isa = PBXBuildFile; fileRef = DC98CF9A21B8EA6800EDBB23 /* Main.storyboard */; };
		DC98CF9E21B8EA6900EDBB23 /* Assets.xcassets in Resources */ = {isa = PBXBuildFile; fileRef = DC98CF9D21B8EA6900EDBB23 /* Assets.xcassets */; };
		DC98CFA121B8EA6900EDBB23 /* LaunchScreen.storyboard in Resources */ = {isa = PBXBuildFile; fileRef = DC98CF9F21B8EA6900EDBB23 /* LaunchScreen.storyboard */; };
		DC98CFA921B8EAD900EDBB23 /* GoogleService-Info.plist in Resources */ = {isa = PBXBuildFile; fileRef = DC98CFA821B8EAD900EDBB23 /* GoogleService-Info.plist */; };
		DC98CFAF21B8FAA700EDBB23 /* Extension+UIView.swift in Sources */ = {isa = PBXBuildFile; fileRef = DC98CFAE21B8FAA700EDBB23 /* Extension+UIView.swift */; };
		DC98CFB121B8FAAF00EDBB23 /* Router.swift in Sources */ = {isa = PBXBuildFile; fileRef = DC98CFB021B8FAAF00EDBB23 /* Router.swift */; };
		DC98CFB321B8FAB900EDBB23 /* StartRouter.swift in Sources */ = {isa = PBXBuildFile; fileRef = DC98CFB221B8FAB900EDBB23 /* StartRouter.swift */; };
		DC98CFB821B8FB2500EDBB23 /* RegisterController.swift in Sources */ = {isa = PBXBuildFile; fileRef = DC98CFB721B8FB2500EDBB23 /* RegisterController.swift */; };
		DC98CFBA21B8FB2900EDBB23 /* WelcomeController.swift in Sources */ = {isa = PBXBuildFile; fileRef = DC98CFB921B8FB2900EDBB23 /* WelcomeController.swift */; };
		DC98CFBC21B8FB2E00EDBB23 /* LoginController.swift in Sources */ = {isa = PBXBuildFile; fileRef = DC98CFBB21B8FB2E00EDBB23 /* LoginController.swift */; };
		DC98CFC121B9021100EDBB23 /* UserModel.swift in Sources */ = {isa = PBXBuildFile; fileRef = DC98CFC021B9021100EDBB23 /* UserModel.swift */; };
		DC98CFC421B909F200EDBB23 /* AuthService.swift in Sources */ = {isa = PBXBuildFile; fileRef = DC98CFC321B909F200EDBB23 /* AuthService.swift */; };
		DC98CFC621B916ED00EDBB23 /* WelcomeContainerView.swift in Sources */ = {isa = PBXBuildFile; fileRef = DC98CFC521B916ED00EDBB23 /* WelcomeContainerView.swift */; };
		DC98CFC921B9441600EDBB23 /* RegisterContainerVIew.swift in Sources */ = {isa = PBXBuildFile; fileRef = DC98CFC821B9441600EDBB23 /* RegisterContainerVIew.swift */; };
		DC98CFCB21B94C6D00EDBB23 /* LoginContainerView.swift in Sources */ = {isa = PBXBuildFile; fileRef = DC98CFCA21B94C6D00EDBB23 /* LoginContainerView.swift */; };
		DC98CFD021B9501B00EDBB23 /* ProgressHUD.bundle in Resources */ = {isa = PBXBuildFile; fileRef = DC98CFCD21B9501900EDBB23 /* ProgressHUD.bundle */; };
		DC98CFD121B9501B00EDBB23 /* ProgressHUD.m in Sources */ = {isa = PBXBuildFile; fileRef = DC98CFCF21B9501B00EDBB23 /* ProgressHUD.m */; };
		DC98CFD421B9524100EDBB23 /* TabBarController.swift in Sources */ = {isa = PBXBuildFile; fileRef = DC98CFD321B9524100EDBB23 /* TabBarController.swift */; };
		DC98CFD721B954C500EDBB23 /* SearchController.swift in Sources */ = {isa = PBXBuildFile; fileRef = DC98CFD621B954C500EDBB23 /* SearchController.swift */; };
		DCBD7D1D21BA996300ED2BD2 /* DataResponseError.swift in Sources */ = {isa = PBXBuildFile; fileRef = DCBD7D1C21BA996300ED2BD2 /* DataResponseError.swift */; };
		DCBD7D1F21BA996500ED2BD2 /* Endpoint.swift in Sources */ = {isa = PBXBuildFile; fileRef = DCBD7D1E21BA996500ED2BD2 /* Endpoint.swift */; };
		DCBD7D2121BA996900ED2BD2 /* GenericAPIClient.swift in Sources */ = {isa = PBXBuildFile; fileRef = DCBD7D2021BA996900ED2BD2 /* GenericAPIClient.swift */; };
		DCBD7D2321BA996E00ED2BD2 /* HTTPURLResponse.swift in Sources */ = {isa = PBXBuildFile; fileRef = DCBD7D2221BA996E00ED2BD2 /* HTTPURLResponse.swift */; };
		DCBD7D2521BA997100ED2BD2 /* Result.swift in Sources */ = {isa = PBXBuildFile; fileRef = DCBD7D2421BA997100ED2BD2 /* Result.swift */; };
		DCBD7D2721BA997400ED2BD2 /* PixabayClient.swift in Sources */ = {isa = PBXBuildFile; fileRef = DCBD7D2621BA997400ED2BD2 /* PixabayClient.swift */; };
		DCBD7D2921BA999200ED2BD2 /* Alert.swift in Sources */ = {isa = PBXBuildFile; fileRef = DCBD7D2821BA999200ED2BD2 /* Alert.swift */; };
		DCBD7D2B21BA999600ED2BD2 /* AlertDisplayer.swift in Sources */ = {isa = PBXBuildFile; fileRef = DCBD7D2A21BA999600ED2BD2 /* AlertDisplayer.swift */; };
		DCBD7D2D21BA999A00ED2BD2 /* UIImageView + Kingfisher.swift in Sources */ = {isa = PBXBuildFile; fileRef = DCBD7D2C21BA999A00ED2BD2 /* UIImageView + Kingfisher.swift */; };
		DCBD7D2F21BA99B300ED2BD2 /* PixabayImage.swift in Sources */ = {isa = PBXBuildFile; fileRef = DCBD7D2E21BA99B300ED2BD2 /* PixabayImage.swift */; };
		DCBD7D3121BA9ABA00ED2BD2 /* Image.swift in Sources */ = {isa = PBXBuildFile; fileRef = DCBD7D3021BA9ABA00ED2BD2 /* Image.swift */; };
		DCBD7D3621BAA0D300ED2BD2 /* SearchModelController.swift in Sources */ = {isa = PBXBuildFile; fileRef = DCBD7D3521BAA0D300ED2BD2 /* SearchModelController.swift */; };
		DCBD7D3821BAA5A900ED2BD2 /* ImageCollectionCell.swift in Sources */ = {isa = PBXBuildFile; fileRef = DCBD7D3721BAA5A800ED2BD2 /* ImageCollectionCell.swift */; };
		DCF0A15821BBDD4C000EE336 /* Api.swift in Sources */ = {isa = PBXBuildFile; fileRef = DCF0A15721BBDD4C000EE336 /* Api.swift */; };
		DCF0A15A21BBDD5E000EE336 /* UserApi.swift in Sources */ = {isa = PBXBuildFile; fileRef = DCF0A15921BBDD5E000EE336 /* UserApi.swift */; };
		DCF0A15C21BBDE09000EE336 /* ImageApi.swift in Sources */ = {isa = PBXBuildFile; fileRef = DCF0A15B21BBDE09000EE336 /* ImageApi.swift */; };
		DCF0A15E21BBDF54000EE336 /* HelperService.swift in Sources */ = {isa = PBXBuildFile; fileRef = DCF0A15D21BBDF54000EE336 /* HelperService.swift */; };
		DCF0A16021BBE867000EE336 /* MyImage.swift in Sources */ = {isa = PBXBuildFile; fileRef = DCF0A15F21BBE867000EE336 /* MyImage.swift */; };
		DCF0A16321BBFA74000EE336 /* FavoriteController.swift in Sources */ = {isa = PBXBuildFile; fileRef = DCF0A16221BBFA74000EE336 /* FavoriteController.swift */; };
		DCF1ED6D21CD127E00B31E01 /* ImageDetailController.swift in Sources */ = {isa = PBXBuildFile; fileRef = DCF1ED6C21CD127E00B31E01 /* ImageDetailController.swift */; };
/* End PBXBuildFile section */

/* Begin PBXFileReference section */
		379B3BE4F9D763A2C629F620 /* Pods-MyFirebaseApp.release.xcconfig */ = {isa = PBXFileReference; includeInIndex = 1; lastKnownFileType = text.xcconfig; name = "Pods-MyFirebaseApp.release.xcconfig"; path = "Pods/Target Support Files/Pods-MyFirebaseApp/Pods-MyFirebaseApp.release.xcconfig"; sourceTree = "<group>"; };
		395D4D9540014D7AB2BB4C0E /* Pods_MyFirebaseApp.framework */ = {isa = PBXFileReference; explicitFileType = wrapper.framework; includeInIndex = 0; path = Pods_MyFirebaseApp.framework; sourceTree = BUILT_PRODUCTS_DIR; };
		8A11F918CBA84850004994F9 /* Pods-MyFirebaseApp.debug.xcconfig */ = {isa = PBXFileReference; includeInIndex = 1; lastKnownFileType = text.xcconfig; name = "Pods-MyFirebaseApp.debug.xcconfig"; path = "Pods/Target Support Files/Pods-MyFirebaseApp/Pods-MyFirebaseApp.debug.xcconfig"; sourceTree = "<group>"; };
		DC68C25621CA459300D87154 /* Typealiases.swift */ = {isa = PBXFileReference; fileEncoding = 4; lastKnownFileType = sourcecode.swift; path = Typealiases.swift; sourceTree = "<group>"; };
		DC68C25821CA811F00D87154 /* AuthModel.swift */ = {isa = PBXFileReference; lastKnownFileType = sourcecode.swift; path = AuthModel.swift; sourceTree = "<group>"; };
		DC72A8B221CB94510010AD61 /* ProfileUserController.swift */ = {isa = PBXFileReference; lastKnownFileType = sourcecode.swift; path = ProfileUserController.swift; sourceTree = "<group>"; };
		DC98CF9321B8EA6800EDBB23 /* MyFirebaseApp.app */ = {isa = PBXFileReference; explicitFileType = wrapper.application; includeInIndex = 0; path = MyFirebaseApp.app; sourceTree = BUILT_PRODUCTS_DIR; };
		DC98CF9621B8EA6800EDBB23 /* AppDelegate.swift */ = {isa = PBXFileReference; lastKnownFileType = sourcecode.swift; path = AppDelegate.swift; sourceTree = "<group>"; };
		DC98CF9B21B8EA6800EDBB23 /* Base */ = {isa = PBXFileReference; lastKnownFileType = file.storyboard; name = Base; path = Base.lproj/Main.storyboard; sourceTree = "<group>"; };
		DC98CF9D21B8EA6900EDBB23 /* Assets.xcassets */ = {isa = PBXFileReference; lastKnownFileType = folder.assetcatalog; path = Assets.xcassets; sourceTree = "<group>"; };
		DC98CFA021B8EA6900EDBB23 /* Base */ = {isa = PBXFileReference; lastKnownFileType = file.storyboard; name = Base; path = Base.lproj/LaunchScreen.storyboard; sourceTree = "<group>"; };
		DC98CFA221B8EA6900EDBB23 /* Info.plist */ = {isa = PBXFileReference; lastKnownFileType = text.plist.xml; path = Info.plist; sourceTree = "<group>"; };
		DC98CFA821B8EAD900EDBB23 /* GoogleService-Info.plist */ = {isa = PBXFileReference; fileEncoding = 4; lastKnownFileType = text.plist.xml; path = "GoogleService-Info.plist"; sourceTree = "<group>"; };
		DC98CFAE21B8FAA700EDBB23 /* Extension+UIView.swift */ = {isa = PBXFileReference; fileEncoding = 4; lastKnownFileType = sourcecode.swift; path = "Extension+UIView.swift"; sourceTree = "<group>"; };
		DC98CFB021B8FAAF00EDBB23 /* Router.swift */ = {isa = PBXFileReference; fileEncoding = 4; lastKnownFileType = sourcecode.swift; path = Router.swift; sourceTree = "<group>"; };
		DC98CFB221B8FAB900EDBB23 /* StartRouter.swift */ = {isa = PBXFileReference; fileEncoding = 4; lastKnownFileType = sourcecode.swift; path = StartRouter.swift; sourceTree = "<group>"; };
		DC98CFB721B8FB2500EDBB23 /* RegisterController.swift */ = {isa = PBXFileReference; fileEncoding = 4; lastKnownFileType = sourcecode.swift; path = RegisterController.swift; sourceTree = "<group>"; };
		DC98CFB921B8FB2900EDBB23 /* WelcomeController.swift */ = {isa = PBXFileReference; fileEncoding = 4; lastKnownFileType = sourcecode.swift; path = WelcomeController.swift; sourceTree = "<group>"; };
		DC98CFBB21B8FB2E00EDBB23 /* LoginController.swift */ = {isa = PBXFileReference; fileEncoding = 4; lastKnownFileType = sourcecode.swift; path = LoginController.swift; sourceTree = "<group>"; };
		DC98CFC021B9021100EDBB23 /* UserModel.swift */ = {isa = PBXFileReference; lastKnownFileType = sourcecode.swift; path = UserModel.swift; sourceTree = "<group>"; };
		DC98CFC321B909F200EDBB23 /* AuthService.swift */ = {isa = PBXFileReference; lastKnownFileType = sourcecode.swift; path = AuthService.swift; sourceTree = "<group>"; };
		DC98CFC521B916ED00EDBB23 /* WelcomeContainerView.swift */ = {isa = PBXFileReference; lastKnownFileType = sourcecode.swift; path = WelcomeContainerView.swift; sourceTree = "<group>"; };
		DC98CFC821B9441600EDBB23 /* RegisterContainerVIew.swift */ = {isa = PBXFileReference; lastKnownFileType = sourcecode.swift; path = RegisterContainerVIew.swift; sourceTree = "<group>"; };
		DC98CFCA21B94C6D00EDBB23 /* LoginContainerView.swift */ = {isa = PBXFileReference; lastKnownFileType = sourcecode.swift; path = LoginContainerView.swift; sourceTree = "<group>"; };
		DC98CFCC21B9501700EDBB23 /* MyFirebaseApp-Bridging-Header.h */ = {isa = PBXFileReference; lastKnownFileType = sourcecode.c.h; path = "MyFirebaseApp-Bridging-Header.h"; sourceTree = "<group>"; };
		DC98CFCD21B9501900EDBB23 /* ProgressHUD.bundle */ = {isa = PBXFileReference; lastKnownFileType = "wrapper.plug-in"; path = ProgressHUD.bundle; sourceTree = "<group>"; };
		DC98CFCE21B9501A00EDBB23 /* ProgressHUD.h */ = {isa = PBXFileReference; fileEncoding = 4; lastKnownFileType = sourcecode.c.h; path = ProgressHUD.h; sourceTree = "<group>"; };
		DC98CFCF21B9501B00EDBB23 /* ProgressHUD.m */ = {isa = PBXFileReference; fileEncoding = 4; lastKnownFileType = sourcecode.c.objc; path = ProgressHUD.m; sourceTree = "<group>"; };
		DC98CFD321B9524100EDBB23 /* TabBarController.swift */ = {isa = PBXFileReference; lastKnownFileType = sourcecode.swift; path = TabBarController.swift; sourceTree = "<group>"; };
		DC98CFD621B954C500EDBB23 /* SearchController.swift */ = {isa = PBXFileReference; lastKnownFileType = sourcecode.swift; path = SearchController.swift; sourceTree = "<group>"; };
		DCBD7D1C21BA996300ED2BD2 /* DataResponseError.swift */ = {isa = PBXFileReference; fileEncoding = 4; lastKnownFileType = sourcecode.swift; path = DataResponseError.swift; sourceTree = "<group>"; };
		DCBD7D1E21BA996500ED2BD2 /* Endpoint.swift */ = {isa = PBXFileReference; fileEncoding = 4; lastKnownFileType = sourcecode.swift; path = Endpoint.swift; sourceTree = "<group>"; };
		DCBD7D2021BA996900ED2BD2 /* GenericAPIClient.swift */ = {isa = PBXFileReference; fileEncoding = 4; lastKnownFileType = sourcecode.swift; path = GenericAPIClient.swift; sourceTree = "<group>"; };
		DCBD7D2221BA996E00ED2BD2 /* HTTPURLResponse.swift */ = {isa = PBXFileReference; fileEncoding = 4; lastKnownFileType = sourcecode.swift; path = HTTPURLResponse.swift; sourceTree = "<group>"; };
		DCBD7D2421BA997100ED2BD2 /* Result.swift */ = {isa = PBXFileReference; fileEncoding = 4; lastKnownFileType = sourcecode.swift; path = Result.swift; sourceTree = "<group>"; };
		DCBD7D2621BA997400ED2BD2 /* PixabayClient.swift */ = {isa = PBXFileReference; fileEncoding = 4; lastKnownFileType = sourcecode.swift; path = PixabayClient.swift; sourceTree = "<group>"; };
		DCBD7D2821BA999200ED2BD2 /* Alert.swift */ = {isa = PBXFileReference; fileEncoding = 4; lastKnownFileType = sourcecode.swift; path = Alert.swift; sourceTree = "<group>"; };
		DCBD7D2A21BA999600ED2BD2 /* AlertDisplayer.swift */ = {isa = PBXFileReference; fileEncoding = 4; lastKnownFileType = sourcecode.swift; path = AlertDisplayer.swift; sourceTree = "<group>"; };
		DCBD7D2C21BA999A00ED2BD2 /* UIImageView + Kingfisher.swift */ = {isa = PBXFileReference; fileEncoding = 4; lastKnownFileType = sourcecode.swift; path = "UIImageView + Kingfisher.swift"; sourceTree = "<group>"; };
		DCBD7D2E21BA99B300ED2BD2 /* PixabayImage.swift */ = {isa = PBXFileReference; fileEncoding = 4; lastKnownFileType = sourcecode.swift; path = PixabayImage.swift; sourceTree = "<group>"; };
		DCBD7D3021BA9ABA00ED2BD2 /* Image.swift */ = {isa = PBXFileReference; lastKnownFileType = sourcecode.swift; path = Image.swift; sourceTree = "<group>"; };
		DCBD7D3521BAA0D300ED2BD2 /* SearchModelController.swift */ = {isa = PBXFileReference; fileEncoding = 4; lastKnownFileType = sourcecode.swift; path = SearchModelController.swift; sourceTree = "<group>"; };
		DCBD7D3721BAA5A800ED2BD2 /* ImageCollectionCell.swift */ = {isa = PBXFileReference; fileEncoding = 4; lastKnownFileType = sourcecode.swift; path = ImageCollectionCell.swift; sourceTree = "<group>"; };
		DCF0A15721BBDD4C000EE336 /* Api.swift */ = {isa = PBXFileReference; fileEncoding = 4; lastKnownFileType = sourcecode.swift; path = Api.swift; sourceTree = "<group>"; };
		DCF0A15921BBDD5E000EE336 /* UserApi.swift */ = {isa = PBXFileReference; fileEncoding = 4; lastKnownFileType = sourcecode.swift; path = UserApi.swift; sourceTree = "<group>"; };
		DCF0A15B21BBDE09000EE336 /* ImageApi.swift */ = {isa = PBXFileReference; fileEncoding = 4; lastKnownFileType = sourcecode.swift; path = ImageApi.swift; sourceTree = "<group>"; };
		DCF0A15D21BBDF54000EE336 /* HelperService.swift */ = {isa = PBXFileReference; fileEncoding = 4; lastKnownFileType = sourcecode.swift; path = HelperService.swift; sourceTree = "<group>"; };
		DCF0A15F21BBE867000EE336 /* MyImage.swift */ = {isa = PBXFileReference; lastKnownFileType = sourcecode.swift; path = MyImage.swift; sourceTree = "<group>"; };
		DCF0A16221BBFA74000EE336 /* FavoriteController.swift */ = {isa = PBXFileReference; lastKnownFileType = sourcecode.swift; path = FavoriteController.swift; sourceTree = "<group>"; };
		DCF1ED6C21CD127E00B31E01 /* ImageDetailController.swift */ = {isa = PBXFileReference; lastKnownFileType = sourcecode.swift; path = ImageDetailController.swift; sourceTree = "<group>"; };
/* End PBXFileReference section */

/* Begin PBXFrameworksBuildPhase section */
		DC98CF9021B8EA6800EDBB23 /* Frameworks */ = {
			isa = PBXFrameworksBuildPhase;
			buildActionMask = 2147483647;
			files = (
				3AD7867530AE4F483007AF46 /* Pods_MyFirebaseApp.framework in Frameworks */,
			);
			runOnlyForDeploymentPostprocessing = 0;
		};
/* End PBXFrameworksBuildPhase section */

/* Begin PBXGroup section */
		BDA6C467CDD5AE1B4CD20DCF /* Frameworks */ = {
			isa = PBXGroup;
			children = (
				395D4D9540014D7AB2BB4C0E /* Pods_MyFirebaseApp.framework */,
			);
			name = Frameworks;
			sourceTree = "<group>";
		};
		DC68C25221CA44C700D87154 /* Classes */ = {
			isa = PBXGroup;
			children = (
				DC68C25321CA455E00D87154 /* Protocols */,
				DCBD7D1B21BA995500ED2BD2 /* Network */,
				DC98CFC221B909E400EDBB23 /* Api */,
				DC98CFAC21B8FA7800EDBB23 /* Routers */,
				DC98CFAB21B8FA5C00EDBB23 /* Extensions */,
				DC98CFBF21B9020100EDBB23 /* Model */,
				DC98CFAD21B8FA8700EDBB23 /* Screens */,
				DC98CFC721B943D000EDBB23 /* Custom VIews */,
				DC98CFD221B9521D00EDBB23 /* Tab Bar Controller */,
			);
			path = Classes;
			sourceTree = "<group>";
		};
		DC68C25321CA455E00D87154 /* Protocols */ = {
			isa = PBXGroup;
			children = (
				DC68C25621CA459300D87154 /* Typealiases.swift */,
			);
			path = Protocols;
			sourceTree = "<group>";
		};
		DC72A8B121CB94370010AD61 /* Profile User Controller */ = {
			isa = PBXGroup;
			children = (
				DC72A8B221CB94510010AD61 /* ProfileUserController.swift */,
			);
			path = "Profile User Controller";
			sourceTree = "<group>";
		};
		DC98CF8A21B8EA6800EDBB23 = {
			isa = PBXGroup;
			children = (
				DC98CF9521B8EA6800EDBB23 /* MyFirebaseApp */,
				DC98CF9421B8EA6800EDBB23 /* Products */,
				EF2ECF5960B4C8A1AE99DF4A /* Pods */,
				BDA6C467CDD5AE1B4CD20DCF /* Frameworks */,
			);
			sourceTree = "<group>";
		};
		DC98CF9421B8EA6800EDBB23 /* Products */ = {
			isa = PBXGroup;
			children = (
				DC98CF9321B8EA6800EDBB23 /* MyFirebaseApp.app */,
			);
			name = Products;
			sourceTree = "<group>";
		};
		DC98CF9521B8EA6800EDBB23 /* MyFirebaseApp */ = {
			isa = PBXGroup;
			children = (
				DC68C25221CA44C700D87154 /* Classes */,
				DC98CF9621B8EA6800EDBB23 /* AppDelegate.swift */,
				DC98CF9A21B8EA6800EDBB23 /* Main.storyboard */,
				DC98CF9D21B8EA6900EDBB23 /* Assets.xcassets */,
				DC98CF9F21B8EA6900EDBB23 /* LaunchScreen.storyboard */,
				DC98CFA221B8EA6900EDBB23 /* Info.plist */,
				DC98CFA821B8EAD900EDBB23 /* GoogleService-Info.plist */,
				DC98CFCD21B9501900EDBB23 /* ProgressHUD.bundle */,
				DC98CFCE21B9501A00EDBB23 /* ProgressHUD.h */,
				DC98CFCF21B9501B00EDBB23 /* ProgressHUD.m */,
				DC98CFCC21B9501700EDBB23 /* MyFirebaseApp-Bridging-Header.h */,
			);
			path = MyFirebaseApp;
			sourceTree = "<group>";
		};
		DC98CFAB21B8FA5C00EDBB23 /* Extensions */ = {
			isa = PBXGroup;
			children = (
				DCBD7D2C21BA999A00ED2BD2 /* UIImageView + Kingfisher.swift */,
				DCBD7D2A21BA999600ED2BD2 /* AlertDisplayer.swift */,
				DCBD7D2821BA999200ED2BD2 /* Alert.swift */,
				DC98CFAE21B8FAA700EDBB23 /* Extension+UIView.swift */,
			);
			path = Extensions;
			sourceTree = "<group>";
		};
		DC98CFAC21B8FA7800EDBB23 /* Routers */ = {
			isa = PBXGroup;
			children = (
				DC98CFB221B8FAB900EDBB23 /* StartRouter.swift */,
				DC98CFB021B8FAAF00EDBB23 /* Router.swift */,
			);
			path = Routers;
			sourceTree = "<group>";
		};
		DC98CFAD21B8FA8700EDBB23 /* Screens */ = {
			isa = PBXGroup;
			children = (
				DCF1ED6B21CD123400B31E01 /* Image Detail Controller */,
				DC72A8B121CB94370010AD61 /* Profile User Controller */,
				DCF0A16121BBFA5B000EE336 /* Favorite Controller */,
				DC98CFD521B9549A00EDBB23 /* Search Controller */,
				DC98CFB621B8FB1400EDBB23 /* Login Controller */,
				DC98CFB521B8FAF200EDBB23 /* Register Controller */,
				DC98CFB421B8FADD00EDBB23 /* Welcome Controller */,
			);
			path = Screens;
			sourceTree = "<group>";
		};
		DC98CFB421B8FADD00EDBB23 /* Welcome Controller */ = {
			isa = PBXGroup;
			children = (
				DC98CFB921B8FB2900EDBB23 /* WelcomeController.swift */,
			);
			path = "Welcome Controller";
			sourceTree = "<group>";
		};
		DC98CFB521B8FAF200EDBB23 /* Register Controller */ = {
			isa = PBXGroup;
			children = (
				DC98CFB721B8FB2500EDBB23 /* RegisterController.swift */,
			);
			path = "Register Controller";
			sourceTree = "<group>";
		};
		DC98CFB621B8FB1400EDBB23 /* Login Controller */ = {
			isa = PBXGroup;
			children = (
				DC98CFBB21B8FB2E00EDBB23 /* LoginController.swift */,
			);
			path = "Login Controller";
			sourceTree = "<group>";
		};
		DC98CFBF21B9020100EDBB23 /* Model */ = {
			isa = PBXGroup;
			children = (
				DC98CFC021B9021100EDBB23 /* UserModel.swift */,
				DCBD7D2E21BA99B300ED2BD2 /* PixabayImage.swift */,
				DCBD7D3021BA9ABA00ED2BD2 /* Image.swift */,
				DC68C25821CA811F00D87154 /* AuthModel.swift */,
			);
			path = Model;
			sourceTree = "<group>";
		};
		DC98CFC221B909E400EDBB23 /* Api */ = {
			isa = PBXGroup;
			children = (
				DCF0A15721BBDD4C000EE336 /* Api.swift */,
				DCF0A15921BBDD5E000EE336 /* UserApi.swift */,
				DCF0A15B21BBDE09000EE336 /* ImageApi.swift */,
				DCF0A15D21BBDF54000EE336 /* HelperService.swift */,
				DC98CFC321B909F200EDBB23 /* AuthService.swift */,
				DCF0A15F21BBE867000EE336 /* MyImage.swift */,
			);
			path = Api;
			sourceTree = "<group>";
		};
		DC98CFC721B943D000EDBB23 /* Custom VIews */ = {
			isa = PBXGroup;
			children = (
				DCBD7D3221BAA0BE00ED2BD2 /* Cell */,
				DC98CFC521B916ED00EDBB23 /* WelcomeContainerView.swift */,
				DC98CFC821B9441600EDBB23 /* RegisterContainerVIew.swift */,
				DC98CFCA21B94C6D00EDBB23 /* LoginContainerView.swift */,
			);
			path = "Custom VIews";
			sourceTree = "<group>";
		};
		DC98CFD221B9521D00EDBB23 /* Tab Bar Controller */ = {
			isa = PBXGroup;
			children = (
				DC98CFD321B9524100EDBB23 /* TabBarController.swift */,
			);
			path = "Tab Bar Controller";
			sourceTree = "<group>";
		};
		DC98CFD521B9549A00EDBB23 /* Search Controller */ = {
			isa = PBXGroup;
			children = (
				DC98CFD621B954C500EDBB23 /* SearchController.swift */,
				DCBD7D3521BAA0D300ED2BD2 /* SearchModelController.swift */,
			);
			path = "Search Controller";
			sourceTree = "<group>";
		};
		DCBD7D1B21BA995500ED2BD2 /* Network */ = {
			isa = PBXGroup;
			children = (
				DCBD7D1E21BA996500ED2BD2 /* Endpoint.swift */,
				DCBD7D1C21BA996300ED2BD2 /* DataResponseError.swift */,
				DCBD7D2021BA996900ED2BD2 /* GenericAPIClient.swift */,
				DCBD7D2221BA996E00ED2BD2 /* HTTPURLResponse.swift */,
				DCBD7D2421BA997100ED2BD2 /* Result.swift */,
				DCBD7D2621BA997400ED2BD2 /* PixabayClient.swift */,
			);
			path = Network;
			sourceTree = "<group>";
		};
		DCBD7D3221BAA0BE00ED2BD2 /* Cell */ = {
			isa = PBXGroup;
			children = (
				DCBD7D3721BAA5A800ED2BD2 /* ImageCollectionCell.swift */,
			);
			path = Cell;
			sourceTree = "<group>";
		};
		DCF0A16121BBFA5B000EE336 /* Favorite Controller */ = {
			isa = PBXGroup;
			children = (
				DCF0A16221BBFA74000EE336 /* FavoriteController.swift */,
			);
			path = "Favorite Controller";
			sourceTree = "<group>";
		};
		DCF1ED6B21CD123400B31E01 /* Image Detail Controller */ = {
			isa = PBXGroup;
			children = (
				DCF1ED6C21CD127E00B31E01 /* ImageDetailController.swift */,
			);
			path = "Image Detail Controller";
			sourceTree = "<group>";
		};
		EF2ECF5960B4C8A1AE99DF4A /* Pods */ = {
			isa = PBXGroup;
			children = (
				8A11F918CBA84850004994F9 /* Pods-MyFirebaseApp.debug.xcconfig */,
				379B3BE4F9D763A2C629F620 /* Pods-MyFirebaseApp.release.xcconfig */,
			);
			name = Pods;
			sourceTree = "<group>";
		};
/* End PBXGroup section */

/* Begin PBXNativeTarget section */
		DC98CF9221B8EA6800EDBB23 /* MyFirebaseApp */ = {
			isa = PBXNativeTarget;
			buildConfigurationList = DC98CFA521B8EA6900EDBB23 /* Build configuration list for PBXNativeTarget "MyFirebaseApp" */;
			buildPhases = (
				29950E0EA370031C1381B218 /* [CP] Check Pods Manifest.lock */,
				DC98CF8F21B8EA6800EDBB23 /* Sources */,
				DC98CF9021B8EA6800EDBB23 /* Frameworks */,
				DC98CF9121B8EA6800EDBB23 /* Resources */,
				6F719A8C3D185B01E33F5968 /* [CP] Embed Pods Frameworks */,
				8F0B8877FF16C98A209FDE9D /* [CP] Copy Pods Resources */,
			);
			buildRules = (
			);
			dependencies = (
			);
			name = MyFirebaseApp;
			productName = MyFirebaseApp;
			productReference = DC98CF9321B8EA6800EDBB23 /* MyFirebaseApp.app */;
			productType = "com.apple.product-type.application";
		};
/* End PBXNativeTarget section */

/* Begin PBXProject section */
		DC98CF8B21B8EA6800EDBB23 /* Project object */ = {
			isa = PBXProject;
			attributes = {
				LastSwiftUpdateCheck = 1000;
				LastUpgradeCheck = 1000;
				ORGANIZATIONNAME = rasl;
				TargetAttributes = {
					DC98CF9221B8EA6800EDBB23 = {
						CreatedOnToolsVersion = 10.0;
						LastSwiftMigration = 1000;
					};
				};
			};
			buildConfigurationList = DC98CF8E21B8EA6800EDBB23 /* Build configuration list for PBXProject "MyFirebaseApp" */;
			compatibilityVersion = "Xcode 9.3";
			developmentRegion = en;
			hasScannedForEncodings = 0;
			knownRegions = (
				en,
				Base,
			);
			mainGroup = DC98CF8A21B8EA6800EDBB23;
			productRefGroup = DC98CF9421B8EA6800EDBB23 /* Products */;
			projectDirPath = "";
			projectRoot = "";
			targets = (
				DC98CF9221B8EA6800EDBB23 /* MyFirebaseApp */,
			);
		};
/* End PBXProject section */

/* Begin PBXResourcesBuildPhase section */
		DC98CF9121B8EA6800EDBB23 /* Resources */ = {
			isa = PBXResourcesBuildPhase;
			buildActionMask = 2147483647;
			files = (
				DC98CFA121B8EA6900EDBB23 /* LaunchScreen.storyboard in Resources */,
				DC98CFA921B8EAD900EDBB23 /* GoogleService-Info.plist in Resources */,
				DC98CF9E21B8EA6900EDBB23 /* Assets.xcassets in Resources */,
				DC98CFD021B9501B00EDBB23 /* ProgressHUD.bundle in Resources */,
				DC98CF9C21B8EA6800EDBB23 /* Main.storyboard in Resources */,
			);
			runOnlyForDeploymentPostprocessing = 0;
		};
/* End PBXResourcesBuildPhase section */

/* Begin PBXShellScriptBuildPhase section */
		29950E0EA370031C1381B218 /* [CP] Check Pods Manifest.lock */ = {
			isa = PBXShellScriptBuildPhase;
			buildActionMask = 2147483647;
			files = (
			);
			inputPaths = (
				"${PODS_PODFILE_DIR_PATH}/Podfile.lock",
				"${PODS_ROOT}/Manifest.lock",
			);
			name = "[CP] Check Pods Manifest.lock";
			outputPaths = (
				"$(DERIVED_FILE_DIR)/Pods-MyFirebaseApp-checkManifestLockResult.txt",
			);
			runOnlyForDeploymentPostprocessing = 0;
			shellPath = /bin/sh;
			shellScript = "diff \"${PODS_PODFILE_DIR_PATH}/Podfile.lock\" \"${PODS_ROOT}/Manifest.lock\" > /dev/null\nif [ $? != 0 ] ; then\n    # print error to STDERR\n    echo \"error: The sandbox is not in sync with the Podfile.lock. Run 'pod install' or update your CocoaPods installation.\" >&2\n    exit 1\nfi\n# This output is used by Xcode 'outputs' to avoid re-running this script phase.\necho \"SUCCESS\" > \"${SCRIPT_OUTPUT_FILE_0}\"\n";
			showEnvVarsInLog = 0;
		};
		6F719A8C3D185B01E33F5968 /* [CP] Embed Pods Frameworks */ = {
			isa = PBXShellScriptBuildPhase;
			buildActionMask = 2147483647;
			files = (
			);
			inputPaths = (
				"${SRCROOT}/Pods/Target Support Files/Pods-MyFirebaseApp/Pods-MyFirebaseApp-frameworks.sh",
				"${BUILT_PRODUCTS_DIR}/Bolts/Bolts.framework",
				"${BUILT_PRODUCTS_DIR}/FBSDKCoreKit/FBSDKCoreKit.framework",
				"${BUILT_PRODUCTS_DIR}/FBSDKLoginKit/FBSDKLoginKit.framework",
				"${BUILT_PRODUCTS_DIR}/GTMOAuth2/GTMOAuth2.framework",
				"${BUILT_PRODUCTS_DIR}/GTMSessionFetcher/GTMSessionFetcher.framework",
				"${BUILT_PRODUCTS_DIR}/GoogleToolboxForMac/GoogleToolboxForMac.framework",
				"${BUILT_PRODUCTS_DIR}/GoogleUtilities/GoogleUtilities.framework",
				"${BUILT_PRODUCTS_DIR}/Kingfisher/Kingfisher.framework",
				"${BUILT_PRODUCTS_DIR}/leveldb-library/leveldb.framework",
				"${BUILT_PRODUCTS_DIR}/nanopb/nanopb.framework",
			);
			name = "[CP] Embed Pods Frameworks";
			outputPaths = (
				"${TARGET_BUILD_DIR}/${FRAMEWORKS_FOLDER_PATH}/Bolts.framework",
				"${TARGET_BUILD_DIR}/${FRAMEWORKS_FOLDER_PATH}/FBSDKCoreKit.framework",
				"${TARGET_BUILD_DIR}/${FRAMEWORKS_FOLDER_PATH}/FBSDKLoginKit.framework",
				"${TARGET_BUILD_DIR}/${FRAMEWORKS_FOLDER_PATH}/GTMOAuth2.framework",
				"${TARGET_BUILD_DIR}/${FRAMEWORKS_FOLDER_PATH}/GTMSessionFetcher.framework",
				"${TARGET_BUILD_DIR}/${FRAMEWORKS_FOLDER_PATH}/GoogleToolboxForMac.framework",
				"${TARGET_BUILD_DIR}/${FRAMEWORKS_FOLDER_PATH}/GoogleUtilities.framework",
				"${TARGET_BUILD_DIR}/${FRAMEWORKS_FOLDER_PATH}/Kingfisher.framework",
				"${TARGET_BUILD_DIR}/${FRAMEWORKS_FOLDER_PATH}/leveldb.framework",
				"${TARGET_BUILD_DIR}/${FRAMEWORKS_FOLDER_PATH}/nanopb.framework",
			);
			runOnlyForDeploymentPostprocessing = 0;
			shellPath = /bin/sh;
			shellScript = "\"${SRCROOT}/Pods/Target Support Files/Pods-MyFirebaseApp/Pods-MyFirebaseApp-frameworks.sh\"\n";
			showEnvVarsInLog = 0;
		};
		8F0B8877FF16C98A209FDE9D /* [CP] Copy Pods Resources */ = {
			isa = PBXShellScriptBuildPhase;
			buildActionMask = 2147483647;
			files = (
			);
			inputPaths = (
				"${SRCROOT}/Pods/Target Support Files/Pods-MyFirebaseApp/Pods-MyFirebaseApp-resources.sh",
				"${PODS_ROOT}/GoogleSignIn/Resources/GoogleSignIn.bundle",
			);
			name = "[CP] Copy Pods Resources";
			outputPaths = (
				"${TARGET_BUILD_DIR}/${UNLOCALIZED_RESOURCES_FOLDER_PATH}/GoogleSignIn.bundle",
			);
			runOnlyForDeploymentPostprocessing = 0;
			shellPath = /bin/sh;
			shellScript = "\"${SRCROOT}/Pods/Target Support Files/Pods-MyFirebaseApp/Pods-MyFirebaseApp-resources.sh\"\n";
			showEnvVarsInLog = 0;
		};
/* End PBXShellScriptBuildPhase section */

/* Begin PBXSourcesBuildPhase section */
		DC98CF8F21B8EA6800EDBB23 /* Sources */ = {
			isa = PBXSourcesBuildPhase;
			buildActionMask = 2147483647;
			files = (
				DC98CFB321B8FAB900EDBB23 /* StartRouter.swift in Sources */,
				DCBD7D3121BA9ABA00ED2BD2 /* Image.swift in Sources */,
				DCBD7D2121BA996900ED2BD2 /* GenericAPIClient.swift in Sources */,
				DCBD7D2321BA996E00ED2BD2 /* HTTPURLResponse.swift in Sources */,
				DCBD7D2921BA999200ED2BD2 /* Alert.swift in Sources */,
				DC68C25921CA811F00D87154 /* AuthModel.swift in Sources */,
				DCF1ED6D21CD127E00B31E01 /* ImageDetailController.swift in Sources */,
				DCBD7D2D21BA999A00ED2BD2 /* UIImageView + Kingfisher.swift in Sources */,
				DCBD7D2721BA997400ED2BD2 /* PixabayClient.swift in Sources */,
				DC98CFC621B916ED00EDBB23 /* WelcomeContainerView.swift in Sources */,
				DC72A8B321CB94510010AD61 /* ProfileUserController.swift in Sources */,
				DCF0A15C21BBDE09000EE336 /* ImageApi.swift in Sources */,
				DC98CFBA21B8FB2900EDBB23 /* WelcomeController.swift in Sources */,
				DC98CFD421B9524100EDBB23 /* TabBarController.swift in Sources */,
				DC98CFB121B8FAAF00EDBB23 /* Router.swift in Sources */,
				DCBD7D2F21BA99B300ED2BD2 /* PixabayImage.swift in Sources */,
				DC98CFB821B8FB2500EDBB23 /* RegisterController.swift in Sources */,
				DCBD7D3821BAA5A900ED2BD2 /* ImageCollectionCell.swift in Sources */,
				DC98CFBC21B8FB2E00EDBB23 /* LoginController.swift in Sources */,
				DCBD7D2B21BA999600ED2BD2 /* AlertDisplayer.swift in Sources */,
				DC98CF9721B8EA6800EDBB23 /* AppDelegate.swift in Sources */,
				DCF0A15821BBDD4C000EE336 /* Api.swift in Sources */,
				DCF0A15A21BBDD5E000EE336 /* UserApi.swift in Sources */,
				DC98CFC421B909F200EDBB23 /* AuthService.swift in Sources */,
				DCBD7D1F21BA996500ED2BD2 /* Endpoint.swift in Sources */,
				DC98CFC921B9441600EDBB23 /* RegisterContainerVIew.swift in Sources */,
				DC98CFD721B954C500EDBB23 /* SearchController.swift in Sources */,
				DC98CFD121B9501B00EDBB23 /* ProgressHUD.m in Sources */,
				DC98CFC121B9021100EDBB23 /* UserModel.swift in Sources */,
				DCF0A16021BBE867000EE336 /* MyImage.swift in Sources */,
				DC98CFAF21B8FAA700EDBB23 /* Extension+UIView.swift in Sources */,
				DCF0A15E21BBDF54000EE336 /* HelperService.swift in Sources */,
				DCBD7D2521BA997100ED2BD2 /* Result.swift in Sources */,
				DCBD7D1D21BA996300ED2BD2 /* DataResponseError.swift in Sources */,
				DC68C25721CA459300D87154 /* Typealiases.swift in Sources */,
				DC98CFCB21B94C6D00EDBB23 /* LoginContainerView.swift in Sources */,
				DCBD7D3621BAA0D300ED2BD2 /* SearchModelController.swift in Sources */,
				DCF0A16321BBFA74000EE336 /* FavoriteController.swift in Sources */,
			);
			runOnlyForDeploymentPostprocessing = 0;
		};
/* End PBXSourcesBuildPhase section */

/* Begin PBXVariantGroup section */
		DC98CF9A21B8EA6800EDBB23 /* Main.storyboard */ = {
			isa = PBXVariantGroup;
			children = (
				DC98CF9B21B8EA6800EDBB23 /* Base */,
			);
			name = Main.storyboard;
			sourceTree = "<group>";
		};
		DC98CF9F21B8EA6900EDBB23 /* LaunchScreen.storyboard */ = {
			isa = PBXVariantGroup;
			children = (
				DC98CFA021B8EA6900EDBB23 /* Base */,
			);
			name = LaunchScreen.storyboard;
			sourceTree = "<group>";
		};
/* End PBXVariantGroup section */

/* Begin XCBuildConfiguration section */
		DC98CFA321B8EA6900EDBB23 /* Debug */ = {
			isa = XCBuildConfiguration;
			buildSettings = {
				ALWAYS_SEARCH_USER_PATHS = NO;
				CLANG_ANALYZER_NONNULL = YES;
				CLANG_ANALYZER_NUMBER_OBJECT_CONVERSION = YES_AGGRESSIVE;
				CLANG_CXX_LANGUAGE_STANDARD = "gnu++14";
				CLANG_CXX_LIBRARY = "libc++";
				CLANG_ENABLE_MODULES = YES;
				CLANG_ENABLE_OBJC_ARC = YES;
				CLANG_ENABLE_OBJC_WEAK = YES;
				CLANG_WARN_BLOCK_CAPTURE_AUTORELEASING = YES;
				CLANG_WARN_BOOL_CONVERSION = YES;
				CLANG_WARN_COMMA = YES;
				CLANG_WARN_CONSTANT_CONVERSION = YES;
				CLANG_WARN_DEPRECATED_OBJC_IMPLEMENTATIONS = YES;
				CLANG_WARN_DIRECT_OBJC_ISA_USAGE = YES_ERROR;
				CLANG_WARN_DOCUMENTATION_COMMENTS = YES;
				CLANG_WARN_EMPTY_BODY = YES;
				CLANG_WARN_ENUM_CONVERSION = YES;
				CLANG_WARN_INFINITE_RECURSION = YES;
				CLANG_WARN_INT_CONVERSION = YES;
				CLANG_WARN_NON_LITERAL_NULL_CONVERSION = YES;
				CLANG_WARN_OBJC_IMPLICIT_RETAIN_SELF = YES;
				CLANG_WARN_OBJC_LITERAL_CONVERSION = YES;
				CLANG_WARN_OBJC_ROOT_CLASS = YES_ERROR;
				CLANG_WARN_RANGE_LOOP_ANALYSIS = YES;
				CLANG_WARN_STRICT_PROTOTYPES = YES;
				CLANG_WARN_SUSPICIOUS_MOVE = YES;
				CLANG_WARN_UNGUARDED_AVAILABILITY = YES_AGGRESSIVE;
				CLANG_WARN_UNREACHABLE_CODE = YES;
				CLANG_WARN__DUPLICATE_METHOD_MATCH = YES;
				CODE_SIGN_IDENTITY = "iPhone Developer";
				COPY_PHASE_STRIP = NO;
				DEBUG_INFORMATION_FORMAT = dwarf;
				ENABLE_STRICT_OBJC_MSGSEND = YES;
				ENABLE_TESTABILITY = YES;
				GCC_C_LANGUAGE_STANDARD = gnu11;
				GCC_DYNAMIC_NO_PIC = NO;
				GCC_NO_COMMON_BLOCKS = YES;
				GCC_OPTIMIZATION_LEVEL = 0;
				GCC_PREPROCESSOR_DEFINITIONS = (
					"DEBUG=1",
					"$(inherited)",
				);
				GCC_WARN_64_TO_32_BIT_CONVERSION = YES;
				GCC_WARN_ABOUT_RETURN_TYPE = YES_ERROR;
				GCC_WARN_UNDECLARED_SELECTOR = YES;
				GCC_WARN_UNINITIALIZED_AUTOS = YES_AGGRESSIVE;
				GCC_WARN_UNUSED_FUNCTION = YES;
				GCC_WARN_UNUSED_VARIABLE = YES;
				IPHONEOS_DEPLOYMENT_TARGET = 12.0;
				MTL_ENABLE_DEBUG_INFO = INCLUDE_SOURCE;
				MTL_FAST_MATH = YES;
				ONLY_ACTIVE_ARCH = YES;
				SDKROOT = iphoneos;
				SWIFT_ACTIVE_COMPILATION_CONDITIONS = DEBUG;
				SWIFT_OPTIMIZATION_LEVEL = "-Onone";
			};
			name = Debug;
		};
		DC98CFA421B8EA6900EDBB23 /* Release */ = {
			isa = XCBuildConfiguration;
			buildSettings = {
				ALWAYS_SEARCH_USER_PATHS = NO;
				CLANG_ANALYZER_NONNULL = YES;
				CLANG_ANALYZER_NUMBER_OBJECT_CONVERSION = YES_AGGRESSIVE;
				CLANG_CXX_LANGUAGE_STANDARD = "gnu++14";
				CLANG_CXX_LIBRARY = "libc++";
				CLANG_ENABLE_MODULES = YES;
				CLANG_ENABLE_OBJC_ARC = YES;
				CLANG_ENABLE_OBJC_WEAK = YES;
				CLANG_WARN_BLOCK_CAPTURE_AUTORELEASING = YES;
				CLANG_WARN_BOOL_CONVERSION = YES;
				CLANG_WARN_COMMA = YES;
				CLANG_WARN_CONSTANT_CONVERSION = YES;
				CLANG_WARN_DEPRECATED_OBJC_IMPLEMENTATIONS = YES;
				CLANG_WARN_DIRECT_OBJC_ISA_USAGE = YES_ERROR;
				CLANG_WARN_DOCUMENTATION_COMMENTS = YES;
				CLANG_WARN_EMPTY_BODY = YES;
				CLANG_WARN_ENUM_CONVERSION = YES;
				CLANG_WARN_INFINITE_RECURSION = YES;
				CLANG_WARN_INT_CONVERSION = YES;
				CLANG_WARN_NON_LITERAL_NULL_CONVERSION = YES;
				CLANG_WARN_OBJC_IMPLICIT_RETAIN_SELF = YES;
				CLANG_WARN_OBJC_LITERAL_CONVERSION = YES;
				CLANG_WARN_OBJC_ROOT_CLASS = YES_ERROR;
				CLANG_WARN_RANGE_LOOP_ANALYSIS = YES;
				CLANG_WARN_STRICT_PROTOTYPES = YES;
				CLANG_WARN_SUSPICIOUS_MOVE = YES;
				CLANG_WARN_UNGUARDED_AVAILABILITY = YES_AGGRESSIVE;
				CLANG_WARN_UNREACHABLE_CODE = YES;
				CLANG_WARN__DUPLICATE_METHOD_MATCH = YES;
				CODE_SIGN_IDENTITY = "iPhone Developer";
				COPY_PHASE_STRIP = NO;
				DEBUG_INFORMATION_FORMAT = "dwarf-with-dsym";
				ENABLE_NS_ASSERTIONS = NO;
				ENABLE_STRICT_OBJC_MSGSEND = YES;
				GCC_C_LANGUAGE_STANDARD = gnu11;
				GCC_NO_COMMON_BLOCKS = YES;
				GCC_WARN_64_TO_32_BIT_CONVERSION = YES;
				GCC_WARN_ABOUT_RETURN_TYPE = YES_ERROR;
				GCC_WARN_UNDECLARED_SELECTOR = YES;
				GCC_WARN_UNINITIALIZED_AUTOS = YES_AGGRESSIVE;
				GCC_WARN_UNUSED_FUNCTION = YES;
				GCC_WARN_UNUSED_VARIABLE = YES;
				IPHONEOS_DEPLOYMENT_TARGET = 12.0;
				MTL_ENABLE_DEBUG_INFO = NO;
				MTL_FAST_MATH = YES;
				SDKROOT = iphoneos;
				SWIFT_COMPILATION_MODE = wholemodule;
				SWIFT_OPTIMIZATION_LEVEL = "-O";
				VALIDATE_PRODUCT = YES;
			};
			name = Release;
		};
		DC98CFA621B8EA6900EDBB23 /* Debug */ = {
			isa = XCBuildConfiguration;
			baseConfigurationReference = 8A11F918CBA84850004994F9 /* Pods-MyFirebaseApp.debug.xcconfig */;
			buildSettings = {
				ASSETCATALOG_COMPILER_APPICON_NAME = AppIcon;
				CLANG_ENABLE_MODULES = YES;
				CODE_SIGN_STYLE = Automatic;
				INFOPLIST_FILE = MyFirebaseApp/Info.plist;
				LD_RUNPATH_SEARCH_PATHS = (
					"$(inherited)",
					"@executable_path/Frameworks",
				);
				PRODUCT_BUNDLE_IDENTIFIER = com.rasl.MyFirebaseApp;
				PRODUCT_NAME = "$(TARGET_NAME)";
				SWIFT_OBJC_BRIDGING_HEADER = "MyFirebaseApp/MyFirebaseApp-Bridging-Header.h";
				SWIFT_OPTIMIZATION_LEVEL = "-Onone";
				SWIFT_VERSION = 4.2;
				TARGETED_DEVICE_FAMILY = "1,2";
			};
			name = Debug;
		};
		DC98CFA721B8EA6900EDBB23 /* Release */ = {
			isa = XCBuildConfiguration;
			baseConfigurationReference = 379B3BE4F9D763A2C629F620 /* Pods-MyFirebaseApp.release.xcconfig */;
			buildSettings = {
				ASSETCATALOG_COMPILER_APPICON_NAME = AppIcon;
				CLANG_ENABLE_MODULES = YES;
				CODE_SIGN_STYLE = Automatic;
				INFOPLIST_FILE = MyFirebaseApp/Info.plist;
				LD_RUNPATH_SEARCH_PATHS = (
					"$(inherited)",
					"@executable_path/Frameworks",
				);
				PRODUCT_BUNDLE_IDENTIFIER = com.rasl.MyFirebaseApp;
				PRODUCT_NAME = "$(TARGET_NAME)";
				SWIFT_OBJC_BRIDGING_HEADER = "MyFirebaseApp/MyFirebaseApp-Bridging-Header.h";
				SWIFT_VERSION = 4.2;
				TARGETED_DEVICE_FAMILY = "1,2";
			};
			name = Release;
		};
/* End XCBuildConfiguration section */

/* Begin XCConfigurationList section */
		DC98CF8E21B8EA6800EDBB23 /* Build configuration list for PBXProject "MyFirebaseApp" */ = {
			isa = XCConfigurationList;
			buildConfigurations = (
				DC98CFA321B8EA6900EDBB23 /* Debug */,
				DC98CFA421B8EA6900EDBB23 /* Release */,
			);
			defaultConfigurationIsVisible = 0;
			defaultConfigurationName = Release;
		};
		DC98CFA521B8EA6900EDBB23 /* Build configuration list for PBXNativeTarget "MyFirebaseApp" */ = {
			isa = XCConfigurationList;
			buildConfigurations = (
				DC98CFA621B8EA6900EDBB23 /* Debug */,
				DC98CFA721B8EA6900EDBB23 /* Release */,
			);
			defaultConfigurationIsVisible = 0;
			defaultConfigurationName = Release;
		};
/* End XCConfigurationList section */
	};
	rootObject = DC98CF8B21B8EA6800EDBB23 /* Project object */;
}
